
Microsoft Visual Studio Solution File, Format Version 12.00
# Visual Studio Version 17
VisualStudioVersion = 17.0.31808.319
MinimumVisualStudioVersion = 10.0.40219.1
Project("{9A19103F-16F7-4668-BE54-9A1E7A4F7556}") = "Xunkong.Core", "src\Core\Xunkong.Core.csproj", "{D5CB3B75-274F-420B-9699-A508A5B2336F}"
EndProject
Project("{9A19103F-16F7-4668-BE54-9A1E7A4F7556}") = "Xunkong.Web.Api", "src\Web\WebApi\Xunkong.Web.Api.csproj", "{04F20748-3859-4544-9A68-A81B6D581667}"
EndProject
Project("{2150E333-8FDC-42A3-9474-1A3956D46DE8}") = "Solution Items", "Solution Items", "{AE98CC80-C2EB-495D-917D-445B6D79F1FB}"
	ProjectSection(SolutionItems) = preProject
		.editorconfig = .editorconfig
	EndProjectSection
EndProject
Project("{9A19103F-16F7-4668-BE54-9A1E7A4F7556}") = "Xunkong.Desktop", "src\Desktop\Desktop\Xunkong.Desktop.csproj", "{496565B6-F316-4315-AC3C-FA816247062D}"
EndProject
Project("{C7167F0D-BC9F-4E6E-AFE1-012C56B48DB5}") = "Xunkong.Desktop.Package", "src\Desktop\Package\Xunkong.Desktop.Package.wapproj", "{1E7E842B-C238-4B65-9121-2C4CE65DE3E6}"
EndProject
Project("{9A19103F-16F7-4668-BE54-9A1E7A4F7556}") = "Xunkong.Desktop.BackgroundTask", "src\Desktop\BackgroundTask\Xunkong.Desktop.BackgroundTask.csproj", "{72A779BE-FC7F-4475-A4FA-3BDA4A61227A}"
EndProject
Project("{9A19103F-16F7-4668-BE54-9A1E7A4F7556}") = "Xunkong.Desktop.Extension", "src\Desktop\Extension\Xunkong.Desktop.Extension.csproj", "{30740391-8546-4998-A48C-F63C5DE07DD8}"
EndProject
Project("{9A19103F-16F7-4668-BE54-9A1E7A4F7556}") = "Xunkong.Desktop.Database", "src\Desktop\Database\Xunkong.Desktop.Database.csproj", "{2B79B5BB-7C3F-434B-B3AB-0C3B8B90D4FC}"
EndProject
Project("{9A19103F-16F7-4668-BE54-9A1E7A4F7556}") = "Xunkong.Desktop.Secret", "src\Desktop\Secret\Xunkong.Desktop.Secret.csproj", "{194B1822-64E9-48CB-8C36-5F01CED4F662}"
EndProject
Project("{8BC9CEB8-8B4A-11D0-8D11-00A0C91BC942}") = "Xunkong.Desktop.FpsUnlocker", "src\Desktop\FpsUnlocker\Xunkong.Desktop.FpsUnlocker.vcxproj", "{5B99557A-5555-48C0-85E2-F58E31031B38}"
EndProject
Project("{8BC9CEB8-8B4A-11D0-8D11-00A0C91BC942}") = "Xunkong.Desktop.RegInvoke", "src\Desktop\RegInvoke\Xunkong.Desktop.RegInvoke.vcxproj", "{F1EE0E7E-13DA-469C-BCF1-35DAFAC0FD7E}"
EndProject
Global
	GlobalSection(SolutionConfigurationPlatforms) = preSolution
		Debug|Any CPU = Debug|Any CPU
		Debug|ARM = Debug|ARM
		Debug|arm64 = Debug|arm64
		Debug|x64 = Debug|x64
		Debug|x86 = Debug|x86
		Release|Any CPU = Release|Any CPU
		Release|ARM = Release|ARM
		Release|arm64 = Release|arm64
		Release|x64 = Release|x64
		Release|x86 = Release|x86
	EndGlobalSection
	GlobalSection(ProjectConfigurationPlatforms) = postSolution
		{D5CB3B75-274F-420B-9699-A508A5B2336F}.Debug|Any CPU.ActiveCfg = Debug|Any CPU
		{D5CB3B75-274F-420B-9699-A508A5B2336F}.Debug|Any CPU.Build.0 = Debug|Any CPU
		{D5CB3B75-274F-420B-9699-A508A5B2336F}.Debug|ARM.ActiveCfg = Debug|Any CPU
		{D5CB3B75-274F-420B-9699-A508A5B2336F}.Debug|ARM.Build.0 = Debug|Any CPU
		{D5CB3B75-274F-420B-9699-A508A5B2336F}.Debug|arm64.ActiveCfg = Debug|Any CPU
		{D5CB3B75-274F-420B-9699-A508A5B2336F}.Debug|arm64.Build.0 = Debug|Any CPU
		{D5CB3B75-274F-420B-9699-A508A5B2336F}.Debug|x64.ActiveCfg = Debug|Any CPU
		{D5CB3B75-274F-420B-9699-A508A5B2336F}.Debug|x64.Build.0 = Debug|Any CPU
		{D5CB3B75-274F-420B-9699-A508A5B2336F}.Debug|x86.ActiveCfg = Debug|Any CPU
		{D5CB3B75-274F-420B-9699-A508A5B2336F}.Debug|x86.Build.0 = Debug|Any CPU
		{D5CB3B75-274F-420B-9699-A508A5B2336F}.Release|Any CPU.ActiveCfg = Release|Any CPU
		{D5CB3B75-274F-420B-9699-A508A5B2336F}.Release|Any CPU.Build.0 = Release|Any CPU
		{D5CB3B75-274F-420B-9699-A508A5B2336F}.Release|ARM.ActiveCfg = Release|Any CPU
		{D5CB3B75-274F-420B-9699-A508A5B2336F}.Release|ARM.Build.0 = Release|Any CPU
		{D5CB3B75-274F-420B-9699-A508A5B2336F}.Release|arm64.ActiveCfg = Release|Any CPU
		{D5CB3B75-274F-420B-9699-A508A5B2336F}.Release|arm64.Build.0 = Release|Any CPU
		{D5CB3B75-274F-420B-9699-A508A5B2336F}.Release|x64.ActiveCfg = Release|Any CPU
		{D5CB3B75-274F-420B-9699-A508A5B2336F}.Release|x64.Build.0 = Release|Any CPU
		{D5CB3B75-274F-420B-9699-A508A5B2336F}.Release|x86.ActiveCfg = Release|Any CPU
		{D5CB3B75-274F-420B-9699-A508A5B2336F}.Release|x86.Build.0 = Release|Any CPU
		{04F20748-3859-4544-9A68-A81B6D581667}.Debug|Any CPU.ActiveCfg = Debug|Any CPU
		{04F20748-3859-4544-9A68-A81B6D581667}.Debug|Any CPU.Build.0 = Debug|Any CPU
		{04F20748-3859-4544-9A68-A81B6D581667}.Debug|ARM.ActiveCfg = Debug|Any CPU
		{04F20748-3859-4544-9A68-A81B6D581667}.Debug|ARM.Build.0 = Debug|Any CPU
		{04F20748-3859-4544-9A68-A81B6D581667}.Debug|arm64.ActiveCfg = Debug|Any CPU
		{04F20748-3859-4544-9A68-A81B6D581667}.Debug|arm64.Build.0 = Debug|Any CPU
		{04F20748-3859-4544-9A68-A81B6D581667}.Debug|x64.ActiveCfg = Debug|Any CPU
		{04F20748-3859-4544-9A68-A81B6D581667}.Debug|x64.Build.0 = Debug|Any CPU
		{04F20748-3859-4544-9A68-A81B6D581667}.Debug|x86.ActiveCfg = Debug|Any CPU
		{04F20748-3859-4544-9A68-A81B6D581667}.Debug|x86.Build.0 = Debug|Any CPU
		{04F20748-3859-4544-9A68-A81B6D581667}.Release|Any CPU.ActiveCfg = Release|Any CPU
		{04F20748-3859-4544-9A68-A81B6D581667}.Release|Any CPU.Build.0 = Release|Any CPU
		{04F20748-3859-4544-9A68-A81B6D581667}.Release|ARM.ActiveCfg = Release|Any CPU
		{04F20748-3859-4544-9A68-A81B6D581667}.Release|ARM.Build.0 = Release|Any CPU
		{04F20748-3859-4544-9A68-A81B6D581667}.Release|arm64.ActiveCfg = Release|Any CPU
		{04F20748-3859-4544-9A68-A81B6D581667}.Release|arm64.Build.0 = Release|Any CPU
		{04F20748-3859-4544-9A68-A81B6D581667}.Release|x64.ActiveCfg = Release|Any CPU
		{04F20748-3859-4544-9A68-A81B6D581667}.Release|x64.Build.0 = Release|Any CPU
		{04F20748-3859-4544-9A68-A81B6D581667}.Release|x86.ActiveCfg = Release|Any CPU
		{04F20748-3859-4544-9A68-A81B6D581667}.Release|x86.Build.0 = Release|Any CPU
		{496565B6-F316-4315-AC3C-FA816247062D}.Debug|Any CPU.ActiveCfg = Debug|x64
		{496565B6-F316-4315-AC3C-FA816247062D}.Debug|Any CPU.Build.0 = Debug|x64
		{496565B6-F316-4315-AC3C-FA816247062D}.Debug|ARM.ActiveCfg = Debug|x64
		{496565B6-F316-4315-AC3C-FA816247062D}.Debug|ARM.Build.0 = Debug|x64
		{496565B6-F316-4315-AC3C-FA816247062D}.Debug|arm64.ActiveCfg = Debug|x64
		{496565B6-F316-4315-AC3C-FA816247062D}.Debug|arm64.Build.0 = Debug|x64
		{496565B6-F316-4315-AC3C-FA816247062D}.Debug|x64.ActiveCfg = Debug|x64
		{496565B6-F316-4315-AC3C-FA816247062D}.Debug|x64.Build.0 = Debug|x64
		{496565B6-F316-4315-AC3C-FA816247062D}.Debug|x86.ActiveCfg = Debug|x64
		{496565B6-F316-4315-AC3C-FA816247062D}.Debug|x86.Build.0 = Debug|x64
		{496565B6-F316-4315-AC3C-FA816247062D}.Release|Any CPU.ActiveCfg = Release|x64
		{496565B6-F316-4315-AC3C-FA816247062D}.Release|Any CPU.Build.0 = Release|x64
		{496565B6-F316-4315-AC3C-FA816247062D}.Release|ARM.ActiveCfg = Release|x64
		{496565B6-F316-4315-AC3C-FA816247062D}.Release|ARM.Build.0 = Release|x64
		{496565B6-F316-4315-AC3C-FA816247062D}.Release|arm64.ActiveCfg = Release|arm64
		{496565B6-F316-4315-AC3C-FA816247062D}.Release|arm64.Build.0 = Release|arm64
		{496565B6-F316-4315-AC3C-FA816247062D}.Release|x64.ActiveCfg = Release|x64
		{496565B6-F316-4315-AC3C-FA816247062D}.Release|x64.Build.0 = Release|x64
		{496565B6-F316-4315-AC3C-FA816247062D}.Release|x86.ActiveCfg = Release|x86
		{496565B6-F316-4315-AC3C-FA816247062D}.Release|x86.Build.0 = Release|x86
		{1E7E842B-C238-4B65-9121-2C4CE65DE3E6}.Debug|Any CPU.ActiveCfg = Debug|x64
		{1E7E842B-C238-4B65-9121-2C4CE65DE3E6}.Debug|Any CPU.Build.0 = Debug|x64
		{1E7E842B-C238-4B65-9121-2C4CE65DE3E6}.Debug|Any CPU.Deploy.0 = Debug|x64
		{1E7E842B-C238-4B65-9121-2C4CE65DE3E6}.Debug|ARM.ActiveCfg = Debug|x64
		{1E7E842B-C238-4B65-9121-2C4CE65DE3E6}.Debug|ARM.Build.0 = Debug|x64
		{1E7E842B-C238-4B65-9121-2C4CE65DE3E6}.Debug|ARM.Deploy.0 = Debug|x64
		{1E7E842B-C238-4B65-9121-2C4CE65DE3E6}.Debug|arm64.ActiveCfg = Debug|x64
		{1E7E842B-C238-4B65-9121-2C4CE65DE3E6}.Debug|arm64.Build.0 = Debug|x64
		{1E7E842B-C238-4B65-9121-2C4CE65DE3E6}.Debug|arm64.Deploy.0 = Debug|x64
		{1E7E842B-C238-4B65-9121-2C4CE65DE3E6}.Debug|x64.ActiveCfg = Debug|x64
		{1E7E842B-C238-4B65-9121-2C4CE65DE3E6}.Debug|x64.Build.0 = Debug|x64
		{1E7E842B-C238-4B65-9121-2C4CE65DE3E6}.Debug|x64.Deploy.0 = Debug|x64
		{1E7E842B-C238-4B65-9121-2C4CE65DE3E6}.Debug|x86.ActiveCfg = Debug|x64
		{1E7E842B-C238-4B65-9121-2C4CE65DE3E6}.Debug|x86.Build.0 = Debug|x64
		{1E7E842B-C238-4B65-9121-2C4CE65DE3E6}.Debug|x86.Deploy.0 = Debug|x64
		{1E7E842B-C238-4B65-9121-2C4CE65DE3E6}.Release|Any CPU.ActiveCfg = Release|x64
		{1E7E842B-C238-4B65-9121-2C4CE65DE3E6}.Release|Any CPU.Build.0 = Release|x64
		{1E7E842B-C238-4B65-9121-2C4CE65DE3E6}.Release|Any CPU.Deploy.0 = Release|x64
		{1E7E842B-C238-4B65-9121-2C4CE65DE3E6}.Release|ARM.ActiveCfg = Release|x64
		{1E7E842B-C238-4B65-9121-2C4CE65DE3E6}.Release|ARM.Build.0 = Release|x64
		{1E7E842B-C238-4B65-9121-2C4CE65DE3E6}.Release|ARM.Deploy.0 = Release|x64
		{1E7E842B-C238-4B65-9121-2C4CE65DE3E6}.Release|arm64.ActiveCfg = Release|arm64
		{1E7E842B-C238-4B65-9121-2C4CE65DE3E6}.Release|arm64.Build.0 = Release|arm64
		{1E7E842B-C238-4B65-9121-2C4CE65DE3E6}.Release|arm64.Deploy.0 = Release|arm64
		{1E7E842B-C238-4B65-9121-2C4CE65DE3E6}.Release|x64.ActiveCfg = Release|x64
		{1E7E842B-C238-4B65-9121-2C4CE65DE3E6}.Release|x64.Build.0 = Release|x64
		{1E7E842B-C238-4B65-9121-2C4CE65DE3E6}.Release|x64.Deploy.0 = Release|x64
		{1E7E842B-C238-4B65-9121-2C4CE65DE3E6}.Release|x86.ActiveCfg = Release|x86
		{1E7E842B-C238-4B65-9121-2C4CE65DE3E6}.Release|x86.Build.0 = Release|x86
		{1E7E842B-C238-4B65-9121-2C4CE65DE3E6}.Release|x86.Deploy.0 = Release|x86
		{72A779BE-FC7F-4475-A4FA-3BDA4A61227A}.Debug|Any CPU.ActiveCfg = Debug|x64
		{72A779BE-FC7F-4475-A4FA-3BDA4A61227A}.Debug|Any CPU.Build.0 = Debug|x64
		{72A779BE-FC7F-4475-A4FA-3BDA4A61227A}.Debug|ARM.ActiveCfg = Debug|x64
		{72A779BE-FC7F-4475-A4FA-3BDA4A61227A}.Debug|ARM.Build.0 = Debug|x64
		{72A779BE-FC7F-4475-A4FA-3BDA4A61227A}.Debug|arm64.ActiveCfg = Debug|x64
		{72A779BE-FC7F-4475-A4FA-3BDA4A61227A}.Debug|arm64.Build.0 = Debug|x64
		{72A779BE-FC7F-4475-A4FA-3BDA4A61227A}.Debug|x64.ActiveCfg = Debug|x64
		{72A779BE-FC7F-4475-A4FA-3BDA4A61227A}.Debug|x64.Build.0 = Debug|x64
		{72A779BE-FC7F-4475-A4FA-3BDA4A61227A}.Debug|x86.ActiveCfg = Debug|x64
		{72A779BE-FC7F-4475-A4FA-3BDA4A61227A}.Debug|x86.Build.0 = Debug|x64
		{72A779BE-FC7F-4475-A4FA-3BDA4A61227A}.Release|Any CPU.ActiveCfg = Release|x64
		{72A779BE-FC7F-4475-A4FA-3BDA4A61227A}.Release|Any CPU.Build.0 = Release|x64
		{72A779BE-FC7F-4475-A4FA-3BDA4A61227A}.Release|ARM.ActiveCfg = Release|x64
		{72A779BE-FC7F-4475-A4FA-3BDA4A61227A}.Release|ARM.Build.0 = Release|x64
		{72A779BE-FC7F-4475-A4FA-3BDA4A61227A}.Release|arm64.ActiveCfg = Release|x64
		{72A779BE-FC7F-4475-A4FA-3BDA4A61227A}.Release|arm64.Build.0 = Release|x64
		{72A779BE-FC7F-4475-A4FA-3BDA4A61227A}.Release|x64.ActiveCfg = Release|x64
		{72A779BE-FC7F-4475-A4FA-3BDA4A61227A}.Release|x64.Build.0 = Release|x64
		{72A779BE-FC7F-4475-A4FA-3BDA4A61227A}.Release|x86.ActiveCfg = Release|x64
		{72A779BE-FC7F-4475-A4FA-3BDA4A61227A}.Release|x86.Build.0 = Release|x64
		{30740391-8546-4998-A48C-F63C5DE07DD8}.Debug|Any CPU.ActiveCfg = Debug|x64
		{30740391-8546-4998-A48C-F63C5DE07DD8}.Debug|Any CPU.Build.0 = Debug|x64
		{30740391-8546-4998-A48C-F63C5DE07DD8}.Debug|ARM.ActiveCfg = Debug|x64
		{30740391-8546-4998-A48C-F63C5DE07DD8}.Debug|ARM.Build.0 = Debug|x64
		{30740391-8546-4998-A48C-F63C5DE07DD8}.Debug|arm64.ActiveCfg = Debug|x64
		{30740391-8546-4998-A48C-F63C5DE07DD8}.Debug|arm64.Build.0 = Debug|x64
		{30740391-8546-4998-A48C-F63C5DE07DD8}.Debug|x64.ActiveCfg = Debug|x64
		{30740391-8546-4998-A48C-F63C5DE07DD8}.Debug|x64.Build.0 = Debug|x64
		{30740391-8546-4998-A48C-F63C5DE07DD8}.Debug|x86.ActiveCfg = Debug|x64
		{30740391-8546-4998-A48C-F63C5DE07DD8}.Debug|x86.Build.0 = Debug|x64
		{30740391-8546-4998-A48C-F63C5DE07DD8}.Release|Any CPU.ActiveCfg = Release|x64
		{30740391-8546-4998-A48C-F63C5DE07DD8}.Release|Any CPU.Build.0 = Release|x64
		{30740391-8546-4998-A48C-F63C5DE07DD8}.Release|ARM.ActiveCfg = Release|x64
		{30740391-8546-4998-A48C-F63C5DE07DD8}.Release|ARM.Build.0 = Release|x64
		{30740391-8546-4998-A48C-F63C5DE07DD8}.Release|arm64.ActiveCfg = Release|x64
		{30740391-8546-4998-A48C-F63C5DE07DD8}.Release|arm64.Build.0 = Release|x64
		{30740391-8546-4998-A48C-F63C5DE07DD8}.Release|x64.ActiveCfg = Release|x64
		{30740391-8546-4998-A48C-F63C5DE07DD8}.Release|x64.Build.0 = Release|x64
		{30740391-8546-4998-A48C-F63C5DE07DD8}.Release|x86.ActiveCfg = Release|x64
		{30740391-8546-4998-A48C-F63C5DE07DD8}.Release|x86.Build.0 = Release|x64
		{2B79B5BB-7C3F-434B-B3AB-0C3B8B90D4FC}.Debug|Any CPU.ActiveCfg = Debug|Any CPU
		{2B79B5BB-7C3F-434B-B3AB-0C3B8B90D4FC}.Debug|Any CPU.Build.0 = Debug|Any CPU
		{2B79B5BB-7C3F-434B-B3AB-0C3B8B90D4FC}.Debug|ARM.ActiveCfg = Debug|Any CPU
		{2B79B5BB-7C3F-434B-B3AB-0C3B8B90D4FC}.Debug|ARM.Build.0 = Debug|Any CPU
		{2B79B5BB-7C3F-434B-B3AB-0C3B8B90D4FC}.Debug|arm64.ActiveCfg = Debug|Any CPU
		{2B79B5BB-7C3F-434B-B3AB-0C3B8B90D4FC}.Debug|arm64.Build.0 = Debug|Any CPU
		{2B79B5BB-7C3F-434B-B3AB-0C3B8B90D4FC}.Debug|x64.ActiveCfg = Debug|Any CPU
		{2B79B5BB-7C3F-434B-B3AB-0C3B8B90D4FC}.Debug|x64.Build.0 = Debug|Any CPU
		{2B79B5BB-7C3F-434B-B3AB-0C3B8B90D4FC}.Debug|x86.ActiveCfg = Debug|Any CPU
		{2B79B5BB-7C3F-434B-B3AB-0C3B8B90D4FC}.Debug|x86.Build.0 = Debug|Any CPU
		{2B79B5BB-7C3F-434B-B3AB-0C3B8B90D4FC}.Release|Any CPU.ActiveCfg = Release|Any CPU
		{2B79B5BB-7C3F-434B-B3AB-0C3B8B90D4FC}.Release|Any CPU.Build.0 = Release|Any CPU
		{2B79B5BB-7C3F-434B-B3AB-0C3B8B90D4FC}.Release|ARM.ActiveCfg = Release|Any CPU
		{2B79B5BB-7C3F-434B-B3AB-0C3B8B90D4FC}.Release|ARM.Build.0 = Release|Any CPU
		{2B79B5BB-7C3F-434B-B3AB-0C3B8B90D4FC}.Release|arm64.ActiveCfg = Release|Any CPU
		{2B79B5BB-7C3F-434B-B3AB-0C3B8B90D4FC}.Release|arm64.Build.0 = Release|Any CPU
		{2B79B5BB-7C3F-434B-B3AB-0C3B8B90D4FC}.Release|x64.ActiveCfg = Release|Any CPU
		{2B79B5BB-7C3F-434B-B3AB-0C3B8B90D4FC}.Release|x64.Build.0 = Release|Any CPU
		{2B79B5BB-7C3F-434B-B3AB-0C3B8B90D4FC}.Release|x86.ActiveCfg = Release|Any CPU
		{2B79B5BB-7C3F-434B-B3AB-0C3B8B90D4FC}.Release|x86.Build.0 = Release|Any CPU
		{194B1822-64E9-48CB-8C36-5F01CED4F662}.Debug|Any CPU.ActiveCfg = Debug|Any CPU
		{194B1822-64E9-48CB-8C36-5F01CED4F662}.Debug|Any CPU.Build.0 = Debug|Any CPU
		{194B1822-64E9-48CB-8C36-5F01CED4F662}.Debug|ARM.ActiveCfg = Debug|Any CPU
		{194B1822-64E9-48CB-8C36-5F01CED4F662}.Debug|ARM.Build.0 = Debug|Any CPU
		{194B1822-64E9-48CB-8C36-5F01CED4F662}.Debug|arm64.ActiveCfg = Debug|Any CPU
		{194B1822-64E9-48CB-8C36-5F01CED4F662}.Debug|arm64.Build.0 = Debug|Any CPU
		{194B1822-64E9-48CB-8C36-5F01CED4F662}.Debug|x64.ActiveCfg = Debug|Any CPU
		{194B1822-64E9-48CB-8C36-5F01CED4F662}.Debug|x64.Build.0 = Debug|Any CPU
		{194B1822-64E9-48CB-8C36-5F01CED4F662}.Debug|x86.ActiveCfg = Debug|Any CPU
		{194B1822-64E9-48CB-8C36-5F01CED4F662}.Debug|x86.Build.0 = Debug|Any CPU
		{194B1822-64E9-48CB-8C36-5F01CED4F662}.Release|Any CPU.ActiveCfg = Release|Any CPU
		{194B1822-64E9-48CB-8C36-5F01CED4F662}.Release|Any CPU.Build.0 = Release|Any CPU
		{194B1822-64E9-48CB-8C36-5F01CED4F662}.Release|ARM.ActiveCfg = Release|Any CPU
		{194B1822-64E9-48CB-8C36-5F01CED4F662}.Release|ARM.Build.0 = Release|Any CPU
		{194B1822-64E9-48CB-8C36-5F01CED4F662}.Release|arm64.ActiveCfg = Release|Any CPU
		{194B1822-64E9-48CB-8C36-5F01CED4F662}.Release|arm64.Build.0 = Release|Any CPU
		{194B1822-64E9-48CB-8C36-5F01CED4F662}.Release|x64.ActiveCfg = Release|Any CPU
		{194B1822-64E9-48CB-8C36-5F01CED4F662}.Release|x64.Build.0 = Release|Any CPU
		{194B1822-64E9-48CB-8C36-5F01CED4F662}.Release|x86.ActiveCfg = Release|Any CPU
		{194B1822-64E9-48CB-8C36-5F01CED4F662}.Release|x86.Build.0 = Release|Any CPU
		{5B99557A-5555-48C0-85E2-F58E31031B38}.Debug|Any CPU.ActiveCfg = Debug|x64
		{5B99557A-5555-48C0-85E2-F58E31031B38}.Debug|Any CPU.Build.0 = Debug|x64
		{5B99557A-5555-48C0-85E2-F58E31031B38}.Debug|ARM.ActiveCfg = Debug|x64
		{5B99557A-5555-48C0-85E2-F58E31031B38}.Debug|ARM.Build.0 = Debug|x64
		{5B99557A-5555-48C0-85E2-F58E31031B38}.Debug|arm64.ActiveCfg = Debug|x64
		{5B99557A-5555-48C0-85E2-F58E31031B38}.Debug|arm64.Build.0 = Debug|x64
		{5B99557A-5555-48C0-85E2-F58E31031B38}.Debug|x64.ActiveCfg = Debug|x64
		{5B99557A-5555-48C0-85E2-F58E31031B38}.Debug|x64.Build.0 = Debug|x64
		{5B99557A-5555-48C0-85E2-F58E31031B38}.Debug|x86.ActiveCfg = Debug|Win32
		{5B99557A-5555-48C0-85E2-F58E31031B38}.Debug|x86.Build.0 = Debug|Win32
		{5B99557A-5555-48C0-85E2-F58E31031B38}.Release|Any CPU.ActiveCfg = Release|x64
		{5B99557A-5555-48C0-85E2-F58E31031B38}.Release|Any CPU.Build.0 = Release|x64
		{5B99557A-5555-48C0-85E2-F58E31031B38}.Release|ARM.ActiveCfg = Release|x64
		{5B99557A-5555-48C0-85E2-F58E31031B38}.Release|ARM.Build.0 = Release|x64
		{5B99557A-5555-48C0-85E2-F58E31031B38}.Release|arm64.ActiveCfg = Release|x64
		{5B99557A-5555-48C0-85E2-F58E31031B38}.Release|arm64.Build.0 = Release|x64
		{5B99557A-5555-48C0-85E2-F58E31031B38}.Release|x64.ActiveCfg = Release|x64
		{5B99557A-5555-48C0-85E2-F58E31031B38}.Release|x64.Build.0 = Release|x64
		{5B99557A-5555-48C0-85E2-F58E31031B38}.Release|x86.ActiveCfg = Release|Win32
		{5B99557A-5555-48C0-85E2-F58E31031B38}.Release|x86.Build.0 = Release|Win32
		{F1EE0E7E-13DA-469C-BCF1-35DAFAC0FD7E}.Debug|Any CPU.ActiveCfg = Debug|x64
		{F1EE0E7E-13DA-469C-BCF1-35DAFAC0FD7E}.Debug|Any CPU.Build.0 = Debug|x64
		{F1EE0E7E-13DA-469C-BCF1-35DAFAC0FD7E}.Debug|ARM.ActiveCfg = Debug|x64
		{F1EE0E7E-13DA-469C-BCF1-35DAFAC0FD7E}.Debug|ARM.Build.0 = Debug|x64
		{F1EE0E7E-13DA-469C-BCF1-35DAFAC0FD7E}.Debug|arm64.ActiveCfg = Debug|x64
		{F1EE0E7E-13DA-469C-BCF1-35DAFAC0FD7E}.Debug|arm64.Build.0 = Debug|x64
		{F1EE0E7E-13DA-469C-BCF1-35DAFAC0FD7E}.Debug|x64.ActiveCfg = Debug|x64
		{F1EE0E7E-13DA-469C-BCF1-35DAFAC0FD7E}.Debug|x64.Build.0 = Debug|x64
		{F1EE0E7E-13DA-469C-BCF1-35DAFAC0FD7E}.Debug|x86.ActiveCfg = Debug|Win32
		{F1EE0E7E-13DA-469C-BCF1-35DAFAC0FD7E}.Debug|x86.Build.0 = Debug|Win32
		{F1EE0E7E-13DA-469C-BCF1-35DAFAC0FD7E}.Release|Any CPU.ActiveCfg = Release|x64
		{F1EE0E7E-13DA-469C-BCF1-35DAFAC0FD7E}.Release|Any CPU.Build.0 = Release|x64
		{F1EE0E7E-13DA-469C-BCF1-35DAFAC0FD7E}.Release|ARM.ActiveCfg = Release|x64
		{F1EE0E7E-13DA-469C-BCF1-35DAFAC0FD7E}.Release|ARM.Build.0 = Release|x64
		{F1EE0E7E-13DA-469C-BCF1-35DAFAC0FD7E}.Release|arm64.ActiveCfg = Release|x64
		{F1EE0E7E-13DA-469C-BCF1-35DAFAC0FD7E}.Release|arm64.Build.0 = Release|x64
		{F1EE0E7E-13DA-469C-BCF1-35DAFAC0FD7E}.Release|x64.ActiveCfg = Release|x64
		{F1EE0E7E-13DA-469C-BCF1-35DAFAC0FD7E}.Release|x64.Build.0 = Release|x64
		{F1EE0E7E-13DA-469C-BCF1-35DAFAC0FD7E}.Release|x86.ActiveCfg = Release|Win32
		{F1EE0E7E-13DA-469C-BCF1-35DAFAC0FD7E}.Release|x86.Build.0 = Release|Win32
	EndGlobalSection
	GlobalSection(SolutionProperties) = preSolution
		HideSolutionNode = FALSE
	EndGlobalSection
	GlobalSection(ExtensibilityGlobals) = postSolution
		SolutionGuid = {BE2016A2-8DAB-479C-A077-85A96430FFDC}
	EndGlobalSection
EndGlobal
